
Microsoft Visual Studio Solution File, Format Version 12.00
# Visual Studio Version 17
VisualStudioVersion = 17.7.34024.191
MinimumVisualStudioVersion = 10.0.40219.1
Project("{FAE04EC0-301F-11D3-BF4B-00C04F79EFBC}") = "Joltzis", "Joltzis\Joltzis.csproj", "{5CC5CD57-4E8B-4B40-87BC-571E40D024D5}"
EndProject
Global
	GlobalSection(SolutionConfigurationPlatforms) = preSolution
		Debug|Any CPU = Debug|Any CPU
		Release|Any CPU = Release|Any CPU
	EndGlobalSection
	GlobalSection(ProjectConfigurationPlatforms) = postSolution
		{5CC5CD57-4E8B-4B40-87BC-571E40D024D5}.Debug|Any CPU.ActiveCfg = Debug|Any CPU
		{5CC5CD57-4E8B-4B40-87BC-571E40D024D5}.Debug|Any CPU.Build.0 = Debug|Any CPU
		{5CC5CD57-4E8B-4B40-87BC-571E40D024D5}.Release|Any CPU.ActiveCfg = Release|Any CPU
		{5CC5CD57-4E8B-4B40-87BC-571E40D024D5}.Release|Any CPU.Build.0 = Release|Any CPU
	EndGlobalSection
	GlobalSection(SolutionProperties) = preSolution
		HideSolutionNode = FALSE
	EndGlobalSection
	GlobalSection(ExtensibilityGlobals) = postSolution
		SolutionGuid = {4E2EA957-6185-496F-A10C-92AA76FFAB09}
	EndGlobalSection
EndGlobal
